
Microsoft Visual Studio Solution File, Format Version 12.00
# Visual Studio 15
VisualStudioVersion = 15.0.27428.2015
MinimumVisualStudioVersion = 10.0.40219.1
Project("{FAE04EC0-301F-11D3-BF4B-00C04F79EFBC}") = "RadialMenuDemo", "RadialMenuDemo\RadialMenuDemo.csproj", "{929DC226-78C1-411D-8994-9948DC781B14}"
EndProject
Project("{FAE04EC0-301F-11D3-BF4B-00C04F79EFBC}") = "CustomUIDemo", "CustomUIDemo\CustomUIDemo.csproj", "{54A827A1-EA43-4F6F-A3B0-F9E949F0CA75}"
EndProject
Global
	GlobalSection(SolutionConfigurationPlatforms) = preSolution
		Debug|ARM = Debug|ARM
		Debug|x64 = Debug|x64
		Debug|x86 = Debug|x86
		Release|ARM = Release|ARM
		Release|x64 = Release|x64
		Release|x86 = Release|x86
	EndGlobalSection
	GlobalSection(ProjectConfigurationPlatforms) = postSolution
		{929DC226-78C1-411D-8994-9948DC781B14}.Debug|ARM.ActiveCfg = Debug|ARM
		{929DC226-78C1-411D-8994-9948DC781B14}.Debug|ARM.Build.0 = Debug|ARM
		{929DC226-78C1-411D-8994-9948DC781B14}.Debug|ARM.Deploy.0 = Debug|ARM
		{929DC226-78C1-411D-8994-9948DC781B14}.Debug|x64.ActiveCfg = Debug|x64
		{929DC226-78C1-411D-8994-9948DC781B14}.Debug|x64.Build.0 = Debug|x64
		{929DC226-78C1-411D-8994-9948DC781B14}.Debug|x64.Deploy.0 = Debug|x64
		{929DC226-78C1-411D-8994-9948DC781B14}.Debug|x86.ActiveCfg = Debug|x86
		{929DC226-78C1-411D-8994-9948DC781B14}.Debug|x86.Build.0 = Debug|x86
		{929DC226-78C1-411D-8994-9948DC781B14}.Debug|x86.Deploy.0 = Debug|x86
		{929DC226-78C1-411D-8994-9948DC781B14}.Release|ARM.ActiveCfg = Release|ARM
		{929DC226-78C1-411D-8994-9948DC781B14}.Release|ARM.Build.0 = Release|ARM
		{929DC226-78C1-411D-8994-9948DC781B14}.Release|ARM.Deploy.0 = Release|ARM
		{929DC226-78C1-411D-8994-9948DC781B14}.Release|x64.ActiveCfg = Release|x64
		{929DC226-78C1-411D-8994-9948DC781B14}.Release|x64.Build.0 = Release|x64
		{929DC226-78C1-411D-8994-9948DC781B14}.Release|x64.Deploy.0 = Release|x64
		{929DC226-78C1-411D-8994-9948DC781B14}.Release|x86.ActiveCfg = Release|x86
		{929DC226-78C1-411D-8994-9948DC781B14}.Release|x86.Build.0 = Release|x86
		{929DC226-78C1-411D-8994-9948DC781B14}.Release|x86.Deploy.0 = Release|x86
		{54A827A1-EA43-4F6F-A3B0-F9E949F0CA75}.Debug|ARM.ActiveCfg = Debug|ARM
		{54A827A1-EA43-4F6F-A3B0-F9E949F0CA75}.Debug|ARM.Build.0 = Debug|ARM
		{54A827A1-EA43-4F6F-A3B0-F9E949F0CA75}.Debug|ARM.Deploy.0 = Debug|ARM
		{54A827A1-EA43-4F6F-A3B0-F9E949F0CA75}.Debug|x64.ActiveCfg = Debug|x64
		{54A827A1-EA43-4F6F-A3B0-F9E949F0CA75}.Debug|x64.Build.0 = Debug|x64
		{54A827A1-EA43-4F6F-A3B0-F9E949F0CA75}.Debug|x64.Deploy.0 = Debug|x64
		{54A827A1-EA43-4F6F-A3B0-F9E949F0CA75}.Debug|x86.ActiveCfg = Debug|x86
		{54A827A1-EA43-4F6F-A3B0-F9E949F0CA75}.Debug|x86.Build.0 = Debug|x86
		{54A827A1-EA43-4F6F-A3B0-F9E949F0CA75}.Debug|x86.Deploy.0 = Debug|x86
		{54A827A1-EA43-4F6F-A3B0-F9E949F0CA75}.Release|ARM.ActiveCfg = Release|ARM
		{54A827A1-EA43-4F6F-A3B0-F9E949F0CA75}.Release|ARM.Build.0 = Release|ARM
		{54A827A1-EA43-4F6F-A3B0-F9E949F0CA75}.Release|ARM.Deploy.0 = Release|ARM
		{54A827A1-EA43-4F6F-A3B0-F9E949F0CA75}.Release|x64.ActiveCfg = Release|x64
		{54A827A1-EA43-4F6F-A3B0-F9E949F0CA75}.Release|x64.Build.0 = Release|x64
		{54A827A1-EA43-4F6F-A3B0-F9E949F0CA75}.Release|x64.Deploy.0 = Release|x64
		{54A827A1-EA43-4F6F-A3B0-F9E949F0CA75}.Release|x86.ActiveCfg = Release|x86
		{54A827A1-EA43-4F6F-A3B0-F9E949F0CA75}.Release|x86.Build.0 = Release|x86
		{54A827A1-EA43-4F6F-A3B0-F9E949F0CA75}.Release|x86.Deploy.0 = Release|x86
	EndGlobalSection
	GlobalSection(SolutionProperties) = preSolution
		HideSolutionNode = FALSE
	EndGlobalSection
	GlobalSection(ExtensibilityGlobals) = postSolution
		SolutionGuid = {CC943B51-6F8D-4279-9B59-0B2BE4550897}
	EndGlobalSection
EndGlobal
